
Microsoft Visual Studio Solution File, Format Version 12.00
# Visual Studio Version 17
VisualStudioVersion = 17.4.33110.190
MinimumVisualStudioVersion = 10.0.40219.1
Project("{9A19103F-16F7-4668-BE54-9A1E7A4F7556}") = "SysBot.Base", "SysBot.Base\SysBot.Base.csproj", "{850BECFD-3789-4C07-885E-0AA108C46F60}"
EndProject
Project("{9A19103F-16F7-4668-BE54-9A1E7A4F7556}") = "SysBot.Pokemon", "SysBot.Pokemon\SysBot.Pokemon.csproj", "{2B520A84-74AF-40EC-9B10-A9FCF950D02E}"
EndProject
Project("{9A19103F-16F7-4668-BE54-9A1E7A4F7556}") = "SysBot.Tests", "SysBot.Tests\SysBot.Tests.csproj", "{1D51AD25-4C03-49D3-8074-7D092168CB20}"
EndProject
Project("{2150E333-8FDC-42A3-9474-1A3956D46DE8}") = "Solution Items", "Solution Items", "{02DCB75C-452F-4E70-B7AF-C37729B10699}"
EndProject
Project("{9A19103F-16F7-4668-BE54-9A1E7A4F7556}") = "SysBot.Pokemon.WinForms", "SysBot.Pokemon.WinForms\SysBot.Pokemon.WinForms.csproj", "{886B1440-B333-4095-8E44-D71D043D20A9}"
EndProject
Project("{9A19103F-16F7-4668-BE54-9A1E7A4F7556}") = "SysBot.Pokemon.ConsoleApp", "SysBot.Pokemon.ConsoleApp\SysBot.Pokemon.ConsoleApp.csproj", "{C0525606-4ED4-4998-9AF3-31E2DE65717A}"
	ProjectSection(ProjectDependencies) = postProject
		{2CD212D9-FF32-4434-9E19-D9CCB99E6817} = {2CD212D9-FF32-4434-9E19-D9CCB99E6817}
		{850BECFD-3789-4C07-885E-0AA108C46F60} = {850BECFD-3789-4C07-885E-0AA108C46F60}
	EndProjectSection
EndProject
Project("{9A19103F-16F7-4668-BE54-9A1E7A4F7556}") = "SysBot.Pokemon.Z3", "SysBot.Pokemon.Z3\SysBot.Pokemon.Z3.csproj", "{DCC41103-1303-4CAB-AE01-5EA68317410D}"
EndProject
Project("{9A19103F-16F7-4668-BE54-9A1E7A4F7556}") = "SysBot.Pokemon.QQ", "SysBot.Pokemon.QQ\SysBot.Pokemon.QQ.csproj", "{2CD212D9-FF32-4434-9E19-D9CCB99E6817}"
EndProject
Project("{9A19103F-16F7-4668-BE54-9A1E7A4F7556}") = "SysBot.Pokemon.Bilibili", "SysBot.Pokemon.Bilibili\SysBot.Pokemon.Bilibili.csproj", "{310FFBCD-05DA-4CA3-B785-08B2158ABEBC}"
	ProjectSection(ProjectDependencies) = postProject
		{2B520A84-74AF-40EC-9B10-A9FCF950D02E} = {2B520A84-74AF-40EC-9B10-A9FCF950D02E}
		{850BECFD-3789-4C07-885E-0AA108C46F60} = {850BECFD-3789-4C07-885E-0AA108C46F60}
	EndProjectSection
EndProject
Project("{9A19103F-16F7-4668-BE54-9A1E7A4F7556}") = "SysBot.Pokemon.Dodo", "SysBot.Pokemon.Dodo\SysBot.Pokemon.Dodo.csproj", "{BE43311D-4571-466E-B3CB-3FD658EFC159}"
EndProject
Project("{9A19103F-16F7-4668-BE54-9A1E7A4F7556}") = "SysBot.Pokemon.Kook", "SysBot.Pokemon.Kook\SysBot.Pokemon.Kook.csproj", "{08D977A1-F5D9-4174-9E3D-0B3129D88A23}"
EndProject
Global
	GlobalSection(SolutionConfigurationPlatforms) = preSolution
		Debug|Any CPU = Debug|Any CPU
		Debug|x64 = Debug|x64
		Debug|x86 = Debug|x86
		Release|Any CPU = Release|Any CPU
		Release|x64 = Release|x64
		Release|x86 = Release|x86
	EndGlobalSection
	GlobalSection(ProjectConfigurationPlatforms) = postSolution
		{850BECFD-3789-4C07-885E-0AA108C46F60}.Debug|Any CPU.ActiveCfg = Debug|Any CPU
		{850BECFD-3789-4C07-885E-0AA108C46F60}.Debug|Any CPU.Build.0 = Debug|Any CPU
		{850BECFD-3789-4C07-885E-0AA108C46F60}.Debug|x64.ActiveCfg = Debug|Any CPU
		{850BECFD-3789-4C07-885E-0AA108C46F60}.Debug|x64.Build.0 = Debug|Any CPU
		{850BECFD-3789-4C07-885E-0AA108C46F60}.Debug|x86.ActiveCfg = Debug|Any CPU
		{850BECFD-3789-4C07-885E-0AA108C46F60}.Debug|x86.Build.0 = Debug|Any CPU
		{850BECFD-3789-4C07-885E-0AA108C46F60}.Release|Any CPU.ActiveCfg = Release|Any CPU
		{850BECFD-3789-4C07-885E-0AA108C46F60}.Release|Any CPU.Build.0 = Release|Any CPU
		{850BECFD-3789-4C07-885E-0AA108C46F60}.Release|x64.ActiveCfg = Release|Any CPU
		{850BECFD-3789-4C07-885E-0AA108C46F60}.Release|x64.Build.0 = Release|Any CPU
		{850BECFD-3789-4C07-885E-0AA108C46F60}.Release|x86.ActiveCfg = Release|Any CPU
		{850BECFD-3789-4C07-885E-0AA108C46F60}.Release|x86.Build.0 = Release|Any CPU
		{2B520A84-74AF-40EC-9B10-A9FCF950D02E}.Debug|Any CPU.ActiveCfg = Debug|Any CPU
		{2B520A84-74AF-40EC-9B10-A9FCF950D02E}.Debug|Any CPU.Build.0 = Debug|Any CPU
		{2B520A84-74AF-40EC-9B10-A9FCF950D02E}.Debug|x64.ActiveCfg = Debug|Any CPU
		{2B520A84-74AF-40EC-9B10-A9FCF950D02E}.Debug|x64.Build.0 = Debug|Any CPU
		{2B520A84-74AF-40EC-9B10-A9FCF950D02E}.Debug|x86.ActiveCfg = Debug|Any CPU
		{2B520A84-74AF-40EC-9B10-A9FCF950D02E}.Debug|x86.Build.0 = Debug|Any CPU
		{2B520A84-74AF-40EC-9B10-A9FCF950D02E}.Release|Any CPU.ActiveCfg = Release|Any CPU
		{2B520A84-74AF-40EC-9B10-A9FCF950D02E}.Release|Any CPU.Build.0 = Release|Any CPU
		{2B520A84-74AF-40EC-9B10-A9FCF950D02E}.Release|x64.ActiveCfg = Release|Any CPU
		{2B520A84-74AF-40EC-9B10-A9FCF950D02E}.Release|x64.Build.0 = Release|Any CPU
		{2B520A84-74AF-40EC-9B10-A9FCF950D02E}.Release|x86.ActiveCfg = Release|Any CPU
		{2B520A84-74AF-40EC-9B10-A9FCF950D02E}.Release|x86.Build.0 = Release|Any CPU
		{1D51AD25-4C03-49D3-8074-7D092168CB20}.Debug|Any CPU.ActiveCfg = Debug|Any CPU
		{1D51AD25-4C03-49D3-8074-7D092168CB20}.Debug|Any CPU.Build.0 = Debug|Any CPU
		{1D51AD25-4C03-49D3-8074-7D092168CB20}.Debug|x64.ActiveCfg = Debug|Any CPU
		{1D51AD25-4C03-49D3-8074-7D092168CB20}.Debug|x64.Build.0 = Debug|Any CPU
		{1D51AD25-4C03-49D3-8074-7D092168CB20}.Debug|x86.ActiveCfg = Debug|Any CPU
		{1D51AD25-4C03-49D3-8074-7D092168CB20}.Debug|x86.Build.0 = Debug|Any CPU
		{1D51AD25-4C03-49D3-8074-7D092168CB20}.Release|Any CPU.ActiveCfg = Release|Any CPU
		{1D51AD25-4C03-49D3-8074-7D092168CB20}.Release|Any CPU.Build.0 = Release|Any CPU
		{1D51AD25-4C03-49D3-8074-7D092168CB20}.Release|x64.ActiveCfg = Release|Any CPU
		{1D51AD25-4C03-49D3-8074-7D092168CB20}.Release|x64.Build.0 = Release|Any CPU
		{1D51AD25-4C03-49D3-8074-7D092168CB20}.Release|x86.ActiveCfg = Release|Any CPU
		{1D51AD25-4C03-49D3-8074-7D092168CB20}.Release|x86.Build.0 = Release|Any CPU
		{886B1440-B333-4095-8E44-D71D043D20A9}.Debug|Any CPU.ActiveCfg = Debug|x64
		{886B1440-B333-4095-8E44-D71D043D20A9}.Debug|x64.ActiveCfg = Debug|x64
		{886B1440-B333-4095-8E44-D71D043D20A9}.Debug|x64.Build.0 = Debug|x64
		{886B1440-B333-4095-8E44-D71D043D20A9}.Debug|x86.ActiveCfg = Debug|x86
		{886B1440-B333-4095-8E44-D71D043D20A9}.Debug|x86.Build.0 = Debug|x86
		{886B1440-B333-4095-8E44-D71D043D20A9}.Release|Any CPU.ActiveCfg = Release|x64
		{886B1440-B333-4095-8E44-D71D043D20A9}.Release|x64.ActiveCfg = Release|x64
		{886B1440-B333-4095-8E44-D71D043D20A9}.Release|x64.Build.0 = Release|x64
		{886B1440-B333-4095-8E44-D71D043D20A9}.Release|x86.ActiveCfg = Release|x86
		{886B1440-B333-4095-8E44-D71D043D20A9}.Release|x86.Build.0 = Release|x86
		{C0525606-4ED4-4998-9AF3-31E2DE65717A}.Debug|Any CPU.ActiveCfg = Debug|x64
		{C0525606-4ED4-4998-9AF3-31E2DE65717A}.Debug|x64.ActiveCfg = Debug|x64
		{C0525606-4ED4-4998-9AF3-31E2DE65717A}.Debug|x64.Build.0 = Debug|x64
		{C0525606-4ED4-4998-9AF3-31E2DE65717A}.Debug|x86.ActiveCfg = Debug|x86
		{C0525606-4ED4-4998-9AF3-31E2DE65717A}.Debug|x86.Build.0 = Debug|x86
		{C0525606-4ED4-4998-9AF3-31E2DE65717A}.Release|Any CPU.ActiveCfg = Release|x64
		{C0525606-4ED4-4998-9AF3-31E2DE65717A}.Release|Any CPU.Build.0 = Release|x64
		{C0525606-4ED4-4998-9AF3-31E2DE65717A}.Release|x64.ActiveCfg = Release|x64
		{C0525606-4ED4-4998-9AF3-31E2DE65717A}.Release|x64.Build.0 = Release|x64
		{C0525606-4ED4-4998-9AF3-31E2DE65717A}.Release|x86.ActiveCfg = Release|x86
		{C0525606-4ED4-4998-9AF3-31E2DE65717A}.Release|x86.Build.0 = Release|x86
		{DCC41103-1303-4CAB-AE01-5EA68317410D}.Debug|Any CPU.ActiveCfg = Debug|x64
		{DCC41103-1303-4CAB-AE01-5EA68317410D}.Debug|x64.ActiveCfg = Debug|x64
		{DCC41103-1303-4CAB-AE01-5EA68317410D}.Debug|x64.Build.0 = Debug|x64
		{DCC41103-1303-4CAB-AE01-5EA68317410D}.Debug|x86.ActiveCfg = Debug|x86
		{DCC41103-1303-4CAB-AE01-5EA68317410D}.Debug|x86.Build.0 = Debug|x86
		{DCC41103-1303-4CAB-AE01-5EA68317410D}.Release|Any CPU.ActiveCfg = Release|x64
		{DCC41103-1303-4CAB-AE01-5EA68317410D}.Release|Any CPU.Build.0 = Release|x64
		{DCC41103-1303-4CAB-AE01-5EA68317410D}.Release|x64.ActiveCfg = Release|x64
		{DCC41103-1303-4CAB-AE01-5EA68317410D}.Release|x64.Build.0 = Release|x64
		{DCC41103-1303-4CAB-AE01-5EA68317410D}.Release|x86.ActiveCfg = Release|x86
		{DCC41103-1303-4CAB-AE01-5EA68317410D}.Release|x86.Build.0 = Release|x86
		{2CD212D9-FF32-4434-9E19-D9CCB99E6817}.Debug|Any CPU.ActiveCfg = Debug|Any CPU
		{2CD212D9-FF32-4434-9E19-D9CCB99E6817}.Debug|Any CPU.Build.0 = Debug|Any CPU
		{2CD212D9-FF32-4434-9E19-D9CCB99E6817}.Debug|x64.ActiveCfg = Debug|Any CPU
		{2CD212D9-FF32-4434-9E19-D9CCB99E6817}.Debug|x64.Build.0 = Debug|Any CPU
		{2CD212D9-FF32-4434-9E19-D9CCB99E6817}.Debug|x86.ActiveCfg = Debug|Any CPU
		{2CD212D9-FF32-4434-9E19-D9CCB99E6817}.Debug|x86.Build.0 = Debug|Any CPU
		{2CD212D9-FF32-4434-9E19-D9CCB99E6817}.Release|Any CPU.ActiveCfg = Release|Any CPU
		{2CD212D9-FF32-4434-9E19-D9CCB99E6817}.Release|Any CPU.Build.0 = Release|Any CPU
		{2CD212D9-FF32-4434-9E19-D9CCB99E6817}.Release|x64.ActiveCfg = Release|Any CPU
		{2CD212D9-FF32-4434-9E19-D9CCB99E6817}.Release|x64.Build.0 = Release|Any CPU
		{2CD212D9-FF32-4434-9E19-D9CCB99E6817}.Release|x86.ActiveCfg = Release|Any CPU
		{2CD212D9-FF32-4434-9E19-D9CCB99E6817}.Release|x86.Build.0 = Release|Any CPU
		{310FFBCD-05DA-4CA3-B785-08B2158ABEBC}.Debug|Any CPU.ActiveCfg = Debug|Any CPU
		{310FFBCD-05DA-4CA3-B785-08B2158ABEBC}.Debug|Any CPU.Build.0 = Debug|Any CPU
		{310FFBCD-05DA-4CA3-B785-08B2158ABEBC}.Debug|x64.ActiveCfg = Debug|Any CPU
		{310FFBCD-05DA-4CA3-B785-08B2158ABEBC}.Debug|x64.Build.0 = Debug|Any CPU
		{310FFBCD-05DA-4CA3-B785-08B2158ABEBC}.Debug|x86.ActiveCfg = Debug|Any CPU
		{310FFBCD-05DA-4CA3-B785-08B2158ABEBC}.Debug|x86.Build.0 = Debug|Any CPU
		{310FFBCD-05DA-4CA3-B785-08B2158ABEBC}.Release|Any CPU.ActiveCfg = Release|Any CPU
		{310FFBCD-05DA-4CA3-B785-08B2158ABEBC}.Release|Any CPU.Build.0 = Release|Any CPU
		{310FFBCD-05DA-4CA3-B785-08B2158ABEBC}.Release|x64.ActiveCfg = Release|Any CPU
		{310FFBCD-05DA-4CA3-B785-08B2158ABEBC}.Release|x64.Build.0 = Release|Any CPU
		{310FFBCD-05DA-4CA3-B785-08B2158ABEBC}.Release|x86.ActiveCfg = Release|Any CPU
		{310FFBCD-05DA-4CA3-B785-08B2158ABEBC}.Release|x86.Build.0 = Release|Any CPU
		{BE43311D-4571-466E-B3CB-3FD658EFC159}.Debug|Any CPU.ActiveCfg = Debug|Any CPU
		{BE43311D-4571-466E-B3CB-3FD658EFC159}.Debug|Any CPU.Build.0 = Debug|Any CPU
		{BE43311D-4571-466E-B3CB-3FD658EFC159}.Debug|x64.ActiveCfg = Debug|Any CPU
		{BE43311D-4571-466E-B3CB-3FD658EFC159}.Debug|x64.Build.0 = Debug|Any CPU
		{BE43311D-4571-466E-B3CB-3FD658EFC159}.Debug|x86.ActiveCfg = Debug|Any CPU
		{BE43311D-4571-466E-B3CB-3FD658EFC159}.Debug|x86.Build.0 = Debug|Any CPU
		{BE43311D-4571-466E-B3CB-3FD658EFC159}.Release|Any CPU.ActiveCfg = Release|Any CPU
		{BE43311D-4571-466E-B3CB-3FD658EFC159}.Release|Any CPU.Build.0 = Release|Any CPU
		{BE43311D-4571-466E-B3CB-3FD658EFC159}.Release|x64.ActiveCfg = Release|Any CPU
		{BE43311D-4571-466E-B3CB-3FD658EFC159}.Release|x64.Build.0 = Release|Any CPU
		{BE43311D-4571-466E-B3CB-3FD658EFC159}.Release|x86.ActiveCfg = Release|Any CPU
		{BE43311D-4571-466E-B3CB-3FD658EFC159}.Release|x86.Build.0 = Release|Any CPU
		{08D977A1-F5D9-4174-9E3D-0B3129D88A23}.Debug|Any CPU.ActiveCfg = Debug|Any CPU
		{08D977A1-F5D9-4174-9E3D-0B3129D88A23}.Debug|Any CPU.Build.0 = Debug|Any CPU
		{08D977A1-F5D9-4174-9E3D-0B3129D88A23}.Debug|x64.ActiveCfg = Debug|Any CPU
		{08D977A1-F5D9-4174-9E3D-0B3129D88A23}.Debug|x64.Build.0 = Debug|Any CPU
		{08D977A1-F5D9-4174-9E3D-0B3129D88A23}.Debug|x86.ActiveCfg = Debug|Any CPU
		{08D977A1-F5D9-4174-9E3D-0B3129D88A23}.Debug|x86.Build.0 = Debug|Any CPU
		{08D977A1-F5D9-4174-9E3D-0B3129D88A23}.Release|Any CPU.ActiveCfg = Release|Any CPU
		{08D977A1-F5D9-4174-9E3D-0B3129D88A23}.Release|Any CPU.Build.0 = Release|Any CPU
		{08D977A1-F5D9-4174-9E3D-0B3129D88A23}.Release|x64.ActiveCfg = Release|Any CPU
		{08D977A1-F5D9-4174-9E3D-0B3129D88A23}.Release|x64.Build.0 = Release|Any CPU
		{08D977A1-F5D9-4174-9E3D-0B3129D88A23}.Release|x86.ActiveCfg = Release|Any CPU
		{08D977A1-F5D9-4174-9E3D-0B3129D88A23}.Release|x86.Build.0 = Release|Any CPU
	EndGlobalSection
	GlobalSection(SolutionProperties) = preSolution
		HideSolutionNode = FALSE
	EndGlobalSection
	GlobalSection(ExtensibilityGlobals) = postSolution
		SolutionGuid = {3E697408-3B47-45FD-9A93-522CBB544073}
	EndGlobalSection
EndGlobal
